{
  "nodes": {
    "flakeNimbleLib": {
      "inputs": {
        "nixpkgs": [
          "nixpkgs"
        ]
      },
      "locked": {
        "lastModified": 1662018438,
        "narHash": "sha256-QtNtU6+LX3Wokxf0zlFwKTFOcn6TeDjKQZ+DA9OYtvM=",
        "owner": "riinr",
        "repo": "nim-flakes-lib",
        "rev": "b1fe8340736e3a85d25c709ac3dfd82a55c03cbf",
        "type": "github"
      },
      "original": {
        "owner": "riinr",
        "ref": "master",
        "repo": "nim-flakes-lib",
        "type": "github"
      }
    },
    "nixpkgs": {
      "locked": {
        "lastModified": 1667110639,
        "narHash": "sha256-4FbPESZ5LbqQxkJJJBAfk/zKgF9h/4kyUwjjpJwYlbc=",
        "owner": "NixOS",
        "repo": "nixpkgs",
        "rev": "f38a1f04d1bec1feb61fd101a0539ae2002a7087",
        "type": "github"
      },
      "original": {
        "id": "nixpkgs",
        "type": "indirect"
      }
    },
    "root": {
      "inputs": {
        "flakeNimbleLib": "flakeNimbleLib",
        "nixpkgs": "nixpkgs",
        "urlon-devel": "urlon-devel",
        "urlon-v0_1": "urlon-v0_1"
      }
    },
    "src-urlon-devel": {
      "flake": false,
      "locked": {
        "lastModified": 1657188965,
        "narHash": "sha256-aY4JfhuRo+rs/uJowEiRA2CHTqbOEPWQRSMloUkMDOM=",
        "owner": "Double-oxygeN",
        "repo": "urlon-nim",
        "rev": "2ebbae97299749aac6bc8ffd4573ec5bb333fead",
        "type": "github"
      },
      "original": {
        "owner": "Double-oxygeN",
        "ref": "refs/heads/devel",
        "repo": "urlon-nim",
        "type": "github"
      }
    },
    "src-urlon-v0_1": {
      "flake": false,
      "locked": {
        "lastModified": 1657188965,
        "narHash": "sha256-aY4JfhuRo+rs/uJowEiRA2CHTqbOEPWQRSMloUkMDOM=",
        "owner": "Double-oxygeN",
        "repo": "urlon-nim",
        "rev": "2ebbae97299749aac6bc8ffd4573ec5bb333fead",
        "type": "github"
      },
      "original": {
        "owner": "Double-oxygeN",
        "ref": "refs/tags/v0.1",
        "repo": "urlon-nim",
        "type": "github"
      }
    },
    "urlon-devel": {
      "inputs": {
        "flakeNimbleLib": [
          "flakeNimbleLib"
        ],
        "nixpkgs": [
          "nixpkgs"
        ],
        "src-urlon-devel": "src-urlon-devel"
      },
      "locked": {
        "dir": "devel",
        "lastModified": 1662254913,
        "narHash": "sha256-KCdbfrr6M/Nc2vfNFNN5wTUeWsupD2yNDGwqSKvRai8=",
        "owner": "nim-nix-pkgs",
        "repo": "urlon",
        "rev": "afe7953ac6b49fac9febacecfc4aac050629a2d2",
        "type": "github"
      },
      "original": {
        "dir": "devel",
        "owner": "nim-nix-pkgs",
        "ref": "master",
        "repo": "urlon",
        "type": "github"
      }
    },
    "urlon-v0_1": {
      "inputs": {
        "flakeNimbleLib": [
          "flakeNimbleLib"
        ],
        "nixpkgs": [
          "nixpkgs"
        ],
        "src-urlon-v0_1": "src-urlon-v0_1"
      },
      "locked": {
        "dir": "v0_1",
        "lastModified": 1662254913,
        "narHash": "sha256-KCdbfrr6M/Nc2vfNFNN5wTUeWsupD2yNDGwqSKvRai8=",
        "owner": "nim-nix-pkgs",
        "repo": "urlon",
        "rev": "afe7953ac6b49fac9febacecfc4aac050629a2d2",
        "type": "github"
      },
      "original": {
        "dir": "v0_1",
        "owner": "nim-nix-pkgs",
        "ref": "master",
        "repo": "urlon",
        "type": "github"
      }
    }
  },
  "root": "root",
  "version": 7
}
